# This file is automatically @generated by Cargo.
# It is not intended for manual editing.
version = 3

[[package]]
name = "cross-chain"
version = "0.1.0"

[[package]]
name = "my_contract"
version = "0.1.0"

[[package]]
name = "node"
version = "0.1.0"

[[package]]
name = "runtime"
version = "0.1.0"
